// !$*UTF8*$!
{
	archiveVersion = 1;
	classes = {
	};
	objectVersion = 46;
	objects = {

/* Begin PBXBuildFile section */
		27BF57FD140D513EB2997561 /* libPods-ImageCache.a in Frameworks */ = {isa = PBXBuildFile; fileRef = A97FD645A22AED2C685D190F /* libPods-ImageCache.a */; };
		A5979CDB1F71F02200750D37 /* main.m in Sources */ = {isa = PBXBuildFile; fileRef = A5979CDA1F71F02200750D37 /* main.m */; };
		A5979CDE1F71F02200750D37 /* AppDelegate.m in Sources */ = {isa = PBXBuildFile; fileRef = A5979CDD1F71F02200750D37 /* AppDelegate.m */; };
		A5979CE11F71F02200750D37 /* ViewController.m in Sources */ = {isa = PBXBuildFile; fileRef = A5979CE01F71F02200750D37 /* ViewController.m */; };
		A5979CE41F71F02200750D37 /* Main.storyboard in Resources */ = {isa = PBXBuildFile; fileRef = A5979CE21F71F02200750D37 /* Main.storyboard */; };
		A5979CE61F71F02200750D37 /* Assets.xcassets in Resources */ = {isa = PBXBuildFile; fileRef = A5979CE51F71F02200750D37 /* Assets.xcassets */; };
		A5979CE91F71F02200750D37 /* LaunchScreen.storyboard in Resources */ = {isa = PBXBuildFile; fileRef = A5979CE71F71F02200750D37 /* LaunchScreen.storyboard */; };
		A5979CF71F71F0C300750D37 /* ImageCache.m in Sources */ = {isa = PBXBuildFile; fileRef = A5979CF21F71F0C300750D37 /* ImageCache.m */; };
		A5979CF81F71F0C300750D37 /* ImageCropperVC.m in Sources */ = {isa = PBXBuildFile; fileRef = A5979CF41F71F0C300750D37 /* ImageCropperVC.m */; };
		A5979CF91F71F0C300750D37 /* ImagePicker.m in Sources */ = {isa = PBXBuildFile; fileRef = A5979CF61F71F0C300750D37 /* ImagePicker.m */; };
		A5979CFC1F71F23D00750D37 /* TableViewCell.m in Sources */ = {isa = PBXBuildFile; fileRef = A5979CFB1F71F23D00750D37 /* TableViewCell.m */; };
/* End PBXBuildFile section */

/* Begin PBXFileReference section */
		7E227C4371AB99A8FCAF5F3A /* Pods-ImageCache.debug.xcconfig */ = {isa = PBXFileReference; includeInIndex = 1; lastKnownFileType = text.xcconfig; name = "Pods-ImageCache.debug.xcconfig"; path = "Pods/Target Support Files/Pods-ImageCache/Pods-ImageCache.debug.xcconfig"; sourceTree = "<group>"; };
		A5979CD61F71F02200750D37 /* ImageCache.app */ = {isa = PBXFileReference; explicitFileType = wrapper.application; includeInIndex = 0; path = ImageCache.app; sourceTree = BUILT_PRODUCTS_DIR; };
		A5979CDA1F71F02200750D37 /* main.m */ = {isa = PBXFileReference; lastKnownFileType = sourcecode.c.objc; path = main.m; sourceTree = "<group>"; };
		A5979CDC1F71F02200750D37 /* AppDelegate.h */ = {isa = PBXFileReference; lastKnownFileType = sourcecode.c.h; path = AppDelegate.h; sourceTree = "<group>"; };
		A5979CDD1F71F02200750D37 /* AppDelegate.m */ = {isa = PBXFileReference; lastKnownFileType = sourcecode.c.objc; path = AppDelegate.m; sourceTree = "<group>"; };
		A5979CDF1F71F02200750D37 /* ViewController.h */ = {isa = PBXFileReference; lastKnownFileType = sourcecode.c.h; path = ViewController.h; sourceTree = "<group>"; };
		A5979CE01F71F02200750D37 /* ViewController.m */ = {isa = PBXFileReference; lastKnownFileType = sourcecode.c.objc; path = ViewController.m; sourceTree = "<group>"; };
		A5979CE31F71F02200750D37 /* Base */ = {isa = PBXFileReference; lastKnownFileType = file.storyboard; name = Base; path = Base.lproj/Main.storyboard; sourceTree = "<group>"; };
		A5979CE51F71F02200750D37 /* Assets.xcassets */ = {isa = PBXFileReference; lastKnownFileType = folder.assetcatalog; path = Assets.xcassets; sourceTree = "<group>"; };
		A5979CE81F71F02200750D37 /* Base */ = {isa = PBXFileReference; lastKnownFileType = file.storyboard; name = Base; path = Base.lproj/LaunchScreen.storyboard; sourceTree = "<group>"; };
		A5979CEA1F71F02200750D37 /* Info.plist */ = {isa = PBXFileReference; lastKnownFileType = text.plist.xml; path = Info.plist; sourceTree = "<group>"; };
		A5979CF11F71F0C300750D37 /* ImageCache.h */ = {isa = PBXFileReference; fileEncoding = 4; lastKnownFileType = sourcecode.c.h; path = ImageCache.h; sourceTree = "<group>"; };
		A5979CF21F71F0C300750D37 /* ImageCache.m */ = {isa = PBXFileReference; fileEncoding = 4; lastKnownFileType = sourcecode.c.objc; path = ImageCache.m; sourceTree = "<group>"; };
		A5979CF31F71F0C300750D37 /* ImageCropperVC.h */ = {isa = PBXFileReference; fileEncoding = 4; lastKnownFileType = sourcecode.c.h; path = ImageCropperVC.h; sourceTree = "<group>"; };
		A5979CF41F71F0C300750D37 /* ImageCropperVC.m */ = {isa = PBXFileReference; fileEncoding = 4; lastKnownFileType = sourcecode.c.objc; path = ImageCropperVC.m; sourceTree = "<group>"; };
		A5979CF51F71F0C300750D37 /* ImagePicker.h */ = {isa = PBXFileReference; fileEncoding = 4; lastKnownFileType = sourcecode.c.h; path = ImagePicker.h; sourceTree = "<group>"; };
		A5979CF61F71F0C300750D37 /* ImagePicker.m */ = {isa = PBXFileReference; fileEncoding = 4; lastKnownFileType = sourcecode.c.objc; path = ImagePicker.m; sourceTree = "<group>"; };
		A5979CFA1F71F23D00750D37 /* TableViewCell.h */ = {isa = PBXFileReference; fileEncoding = 4; lastKnownFileType = sourcecode.c.h; path = TableViewCell.h; sourceTree = "<group>"; };
		A5979CFB1F71F23D00750D37 /* TableViewCell.m */ = {isa = PBXFileReference; fileEncoding = 4; lastKnownFileType = sourcecode.c.objc; path = TableViewCell.m; sourceTree = "<group>"; };
		A97FD645A22AED2C685D190F /* libPods-ImageCache.a */ = {isa = PBXFileReference; explicitFileType = archive.ar; includeInIndex = 0; path = "libPods-ImageCache.a"; sourceTree = BUILT_PRODUCTS_DIR; };
		F2FE7B11B307922194F94F49 /* Pods-ImageCache.release.xcconfig */ = {isa = PBXFileReference; includeInIndex = 1; lastKnownFileType = text.xcconfig; name = "Pods-ImageCache.release.xcconfig"; path = "Pods/Target Support Files/Pods-ImageCache/Pods-ImageCache.release.xcconfig"; sourceTree = "<group>"; };
/* End PBXFileReference section */

/* Begin PBXFrameworksBuildPhase section */
		A5979CD31F71F02200750D37 /* Frameworks */ = {
			isa = PBXFrameworksBuildPhase;
			buildActionMask = 2147483647;
			files = (
				27BF57FD140D513EB2997561 /* libPods-ImageCache.a in Frameworks */,
			);
			runOnlyForDeploymentPostprocessing = 0;
		};
/* End PBXFrameworksBuildPhase section */

/* Begin PBXGroup section */
		1C225A01864F4539D34F4C84 /* Frameworks */ = {
			isa = PBXGroup;
			children = (
				A97FD645A22AED2C685D190F /* libPods-ImageCache.a */,
			);
			name = Frameworks;
			sourceTree = "<group>";
		};
		A5979CCD1F71F02200750D37 = {
			isa = PBXGroup;
			children = (
				A5979CD81F71F02200750D37 /* ImageCache */,
				A5979CD71F71F02200750D37 /* Products */,
				CCC588F0173A12714F396477 /* Pods */,
				1C225A01864F4539D34F4C84 /* Frameworks */,
			);
			sourceTree = "<group>";
		};
		A5979CD71F71F02200750D37 /* Products */ = {
			isa = PBXGroup;
			children = (
				A5979CD61F71F02200750D37 /* ImageCache.app */,
			);
			name = Products;
			sourceTree = "<group>";
		};
		A5979CD81F71F02200750D37 /* ImageCache */ = {
			isa = PBXGroup;
			children = (
				A5979CDC1F71F02200750D37 /* AppDelegate.h */,
				A5979CDD1F71F02200750D37 /* AppDelegate.m */,
				A5979CFA1F71F23D00750D37 /* TableViewCell.h */,
				A5979CFB1F71F23D00750D37 /* TableViewCell.m */,
				A5979CDF1F71F02200750D37 /* ViewController.h */,
				A5979CE01F71F02200750D37 /* ViewController.m */,
				A5979CF01F71F0C300750D37 /* ImageModel */,
				A5979CE21F71F02200750D37 /* Main.storyboard */,
				A5979CE51F71F02200750D37 /* Assets.xcassets */,
				A5979CE71F71F02200750D37 /* LaunchScreen.storyboard */,
				A5979CEA1F71F02200750D37 /* Info.plist */,
				A5979CD91F71F02200750D37 /* Supporting Files */,
			);
			path = ImageCache;
			sourceTree = "<group>";
		};
		A5979CD91F71F02200750D37 /* Supporting Files */ = {
			isa = PBXGroup;
			children = (
				A5979CDA1F71F02200750D37 /* main.m */,
			);
			name = "Supporting Files";
			sourceTree = "<group>";
		};
		A5979CF01F71F0C300750D37 /* ImageModel */ = {
			isa = PBXGroup;
			children = (
				A5979CF11F71F0C300750D37 /* ImageCache.h */,
				A5979CF21F71F0C300750D37 /* ImageCache.m */,
				A5979CF31F71F0C300750D37 /* ImageCropperVC.h */,
				A5979CF41F71F0C300750D37 /* ImageCropperVC.m */,
				A5979CF51F71F0C300750D37 /* ImagePicker.h */,
				A5979CF61F71F0C300750D37 /* ImagePicker.m */,
			);
			path = ImageModel;
			sourceTree = "<group>";
		};
		CCC588F0173A12714F396477 /* Pods */ = {
			isa = PBXGroup;
			children = (
				7E227C4371AB99A8FCAF5F3A /* Pods-ImageCache.debug.xcconfig */,
				F2FE7B11B307922194F94F49 /* Pods-ImageCache.release.xcconfig */,
			);
			name = Pods;
			sourceTree = "<group>";
		};
/* End PBXGroup section */

/* Begin PBXNativeTarget section */
		A5979CD51F71F02200750D37 /* ImageCache */ = {
			isa = PBXNativeTarget;
			buildConfigurationList = A5979CED1F71F02200750D37 /* Build configuration list for PBXNativeTarget "ImageCache" */;
			buildPhases = (
				80E05B500B67A23F333A0D0B /* [CP] Check Pods Manifest.lock */,
				A5979CD21F71F02200750D37 /* Sources */,
				A5979CD31F71F02200750D37 /* Frameworks */,
				A5979CD41F71F02200750D37 /* Resources */,
				02825A9F3D395B239DEB6D20 /* [CP] Embed Pods Frameworks */,
				0ADD6E636222F99AC9FC3412 /* [CP] Copy Pods Resources */,
			);
			buildRules = (
			);
			dependencies = (
			);
			name = ImageCache;
			productName = ImageCache;
			productReference = A5979CD61F71F02200750D37 /* ImageCache.app */;
			productType = "com.apple.product-type.application";
		};
/* End PBXNativeTarget section */

/* Begin PBXProject section */
		A5979CCE1F71F02200750D37 /* Project object */ = {
			isa = PBXProject;
			attributes = {
				LastUpgradeCheck = 0830;
				ORGANIZATIONNAME = ZQC;
				TargetAttributes = {
					A5979CD51F71F02200750D37 = {
						CreatedOnToolsVersion = 8.3.1;
						DevelopmentTeam = C8X66624WA;
						ProvisioningStyle = Automatic;
					};
				};
			};
			buildConfigurationList = A5979CD11F71F02200750D37 /* Build configuration list for PBXProject "ImageCache" */;
			compatibilityVersion = "Xcode 3.2";
			developmentRegion = English;
			hasScannedForEncodings = 0;
			knownRegions = (
				en,
				Base,
			);
			mainGroup = A5979CCD1F71F02200750D37;
			productRefGroup = A5979CD71F71F02200750D37 /* Products */;
			projectDirPath = "";
			projectRoot = "";
			targets = (
				A5979CD51F71F02200750D37 /* ImageCache */,
			);
		};
/* End PBXProject section */

/* Begin PBXResourcesBuildPhase section */
		A5979CD41F71F02200750D37 /* Resources */ = {
			isa = PBXResourcesBuildPhase;
			buildActionMask = 2147483647;
			files = (
				A5979CE91F71F02200750D37 /* LaunchScreen.storyboard in Resources */,
				A5979CE61F71F02200750D37 /* Assets.xcassets in Resources */,
				A5979CE41F71F02200750D37 /* Main.storyboard in Resources */,
			);
			runOnlyForDeploymentPostprocessing = 0;
		};
/* End PBXResourcesBuildPhase section */

/* Begin PBXShellScriptBuildPhase section */
		02825A9F3D395B239DEB6D20 /* [CP] Embed Pods Frameworks */ = {
			isa = PBXShellScriptBuildPhase;
			buildActionMask = 2147483647;
			files = (
			);
			inputPaths = (
			);
			name = "[CP] Embed Pods Frameworks";
			outputPaths = (
			);
			runOnlyForDeploymentPostprocessing = 0;
			shellPath = /bin/sh;
			shellScript = "\"${SRCROOT}/Pods/Target Support Files/Pods-ImageCache/Pods-ImageCache-frameworks.sh\"\n";
			showEnvVarsInLog = 0;
		};
		0ADD6E636222F99AC9FC3412 /* [CP] Copy Pods Resources */ = {
			isa = PBXShellScriptBuildPhase;
			buildActionMask = 2147483647;
			files = (
			);
			inputPaths = (
			);
			name = "[CP] Copy Pods Resources";
			outputPaths = (
			);
			runOnlyForDeploymentPostprocessing = 0;
			shellPath = /bin/sh;
			shellScript = "\"${SRCROOT}/Pods/Target Support Files/Pods-ImageCache/Pods-ImageCache-resources.sh\"\n";
			showEnvVarsInLog = 0;
		};
		80E05B500B67A23F333A0D0B /* [CP] Check Pods Manifest.lock */ = {
			isa = PBXShellScriptBuildPhase;
			buildActionMask = 2147483647;
			files = (
			);
			inputPaths = (
			);
			name = "[CP] Check Pods Manifest.lock";
			outputPaths = (
			);
			runOnlyForDeploymentPostprocessing = 0;
			shellPath = /bin/sh;
			shellScript = "diff \"${PODS_ROOT}/../Podfile.lock\" \"${PODS_ROOT}/Manifest.lock\" > /dev/null\nif [ $? != 0 ] ; then\n    # print error to STDERR\n    echo \"error: The sandbox is not in sync with the Podfile.lock. Run 'pod install' or update your CocoaPods installation.\" >&2\n    exit 1\nfi\n";
			showEnvVarsInLog = 0;
		};
/* End PBXShellScriptBuildPhase section */

/* Begin PBXSourcesBuildPhase section */
		A5979CD21F71F02200750D37 /* Sources */ = {
			isa = PBXSourcesBuildPhase;
			buildActionMask = 2147483647;
			files = (
				A5979CFC1F71F23D00750D37 /* TableViewCell.m in Sources */,
				A5979CE11F71F02200750D37 /* ViewController.m in Sources */,
				A5979CDE1F71F02200750D37 /* AppDelegate.m in Sources */,
				A5979CF71F71F0C300750D37 /* ImageCache.m in Sources */,
				A5979CDB1F71F02200750D37 /* main.m in Sources */,
				A5979CF81F71F0C300750D37 /* ImageCropperVC.m in Sources */,
				A5979CF91F71F0C300750D37 /* ImagePicker.m in Sources */,
			);
			runOnlyForDeploymentPostprocessing = 0;
		};
/* End PBXSourcesBuildPhase section */

/* Begin PBXVariantGroup section */
		A5979CE21F71F02200750D37 /* Main.storyboard */ = {
			isa = PBXVariantGroup;
			children = (
				A5979CE31F71F02200750D37 /* Base */,
			);
			name = Main.storyboard;
			sourceTree = "<group>";
		};
		A5979CE71F71F02200750D37 /* LaunchScreen.storyboard */ = {
			isa = PBXVariantGroup;
			children = (
				A5979CE81F71F02200750D37 /* Base */,
			);
			name = LaunchScreen.storyboard;
			sourceTree = "<group>";
		};
/* End PBXVariantGroup section */

/* Begin XCBuildConfiguration section */
		A5979CEB1F71F02200750D37 /* Debug */ = {
			isa = XCBuildConfiguration;
			buildSettings = {
				ALWAYS_SEARCH_USER_PATHS = NO;
				CLANG_ANALYZER_NONNULL = YES;
				CLANG_ANALYZER_NUMBER_OBJECT_CONVERSION = YES_AGGRESSIVE;
				CLANG_CXX_LANGUAGE_STANDARD = "gnu++0x";
				CLANG_CXX_LIBRARY = "libc++";
				CLANG_ENABLE_MODULES = YES;
				CLANG_ENABLE_OBJC_ARC = YES;
				CLANG_WARN_BOOL_CONVERSION = YES;
				CLANG_WARN_CONSTANT_CONVERSION = YES;
				CLANG_WARN_DIRECT_OBJC_ISA_USAGE = YES_ERROR;
				CLANG_WARN_DOCUMENTATION_COMMENTS = YES;
				CLANG_WARN_EMPTY_BODY = YES;
				CLANG_WARN_ENUM_CONVERSION = YES;
				CLANG_WARN_INFINITE_RECURSION = YES;
				CLANG_WARN_INT_CONVERSION = YES;
				CLANG_WARN_OBJC_ROOT_CLASS = YES_ERROR;
				CLANG_WARN_SUSPICIOUS_MOVE = YES;
				CLANG_WARN_UNREACHABLE_CODE = YES;
				CLANG_WARN__DUPLICATE_METHOD_MATCH = YES;
				"CODE_SIGN_IDENTITY[sdk=iphoneos*]" = "iPhone Developer";
				COPY_PHASE_STRIP = NO;
				DEBUG_INFORMATION_FORMAT = dwarf;
				ENABLE_STRICT_OBJC_MSGSEND = YES;
				ENABLE_TESTABILITY = YES;
				GCC_C_LANGUAGE_STANDARD = gnu99;
				GCC_DYNAMIC_NO_PIC = NO;
				GCC_NO_COMMON_BLOCKS = YES;
				GCC_OPTIMIZATION_LEVEL = 0;
				GCC_PREPROCESSOR_DEFINITIONS = (
					"DEBUG=1",
					"$(inherited)",
				);
				GCC_WARN_64_TO_32_BIT_CONVERSION = YES;
				GCC_WARN_ABOUT_RETURN_TYPE = YES_ERROR;
				GCC_WARN_UNDECLARED_SELECTOR = YES;
				GCC_WARN_UNINITIALIZED_AUTOS = YES_AGGRESSIVE;
				GCC_WARN_UNUSED_FUNCTION = YES;
				GCC_WARN_UNUSED_VARIABLE = YES;
				IPHONEOS_DEPLOYMENT_TARGET = 10.3;
				MTL_ENABLE_DEBUG_INFO = YES;
				ONLY_ACTIVE_ARCH = YES;
				SDKROOT = iphoneos;
				TARGETED_DEVICE_FAMILY = "1,2";
			};
			name = Debug;
		};
		A5979CEC1F71F02200750D37 /* Release */ = {
			isa = XCBuildConfiguration;
			buildSettings = {
				ALWAYS_SEARCH_USER_PATHS = NO;
				CLANG_ANALYZER_NONNULL = YES;
				CLANG_ANALYZER_NUMBER_OBJECT_CONVERSION = YES_AGGRESSIVE;
				CLANG_CXX_LANGUAGE_STANDARD = "gnu++0x";
				CLANG_CXX_LIBRARY = "libc++";
				CLANG_ENABLE_MODULES = YES;
				CLANG_ENABLE_OBJC_ARC = YES;
				CLANG_WARN_BOOL_CONVERSION = YES;
				CLANG_WARN_CONSTANT_CONVERSION = YES;
				CLANG_WARN_DIRECT_OBJC_ISA_USAGE = YES_ERROR;
				CLANG_WARN_DOCUMENTATION_COMMENTS = YES;
				CLANG_WARN_EMPTY_BODY = YES;
				CLANG_WARN_ENUM_CONVERSION = YES;
				CLANG_WARN_INFINITE_RECURSION = YES;
				CLANG_WARN_INT_CONVERSION = YES;
				CLANG_WARN_OBJC_ROOT_CLASS = YES_ERROR;
				CLANG_WARN_SUSPICIOUS_MOVE = YES;
				CLANG_WARN_UNREACHABLE_CODE = YES;
				CLANG_WARN__DUPLICATE_METHOD_MATCH = YES;
				"CODE_SIGN_IDENTITY[sdk=iphoneos*]" = "iPhone Developer";
				COPY_PHASE_STRIP = NO;
				DEBUG_INFORMATION_FORMAT = "dwarf-with-dsym";
				ENABLE_NS_ASSERTIONS = NO;
				ENABLE_STRICT_OBJC_MSGSEND = YES;
				GCC_C_LANGUAGE_STANDARD = gnu99;
				GCC_NO_COMMON_BLOCKS = YES;
				GCC_WARN_64_TO_32_BIT_CONVERSION = YES;
				GCC_WARN_ABOUT_RETURN_TYPE = YES_ERROR;
				GCC_WARN_UNDECLARED_SELECTOR = YES;
				GCC_WARN_UNINITIALIZED_AUTOS = YES_AGGRESSIVE;
				GCC_WARN_UNUSED_FUNCTION = YES;
				GCC_WARN_UNUSED_VARIABLE = YES;
				IPHONEOS_DEPLOYMENT_TARGET = 10.3;
				MTL_ENABLE_DEBUG_INFO = NO;
				SDKROOT = iphoneos;
				TARGETED_DEVICE_FAMILY = "1,2";
				VALIDATE_PRODUCT = YES;
			};
			name = Release;
		};
		A5979CEE1F71F02200750D37 /* Debug */ = {
			isa = XCBuildConfiguration;
			baseConfigurationReference = 7E227C4371AB99A8FCAF5F3A /* Pods-ImageCache.debug.xcconfig */;
			buildSettings = {
				ASSETCATALOG_COMPILER_APPICON_NAME = AppIcon;
				"CODE_SIGN_IDENTITY[sdk=iphoneos*]" = "iPhone Developer";
				DEVELOPMENT_TEAM = C8X66624WA;
				INFOPLIST_FILE = ImageCache/Info.plist;
				IPHONEOS_DEPLOYMENT_TARGET = 8.0;
				LD_RUNPATH_SEARCH_PATHS = "$(inherited) @executable_path/Frameworks";
				PRODUCT_BUNDLE_IDENTIFIER = com.ImageCache;
				PRODUCT_NAME = "$(TARGET_NAME)";
				PROVISIONING_PROFILE = "";
				PROVISIONING_PROFILE_SPECIFIER = "";
			};
			name = Debug;
		};
		A5979CEF1F71F02200750D37 /* Release */ = {
			isa = XCBuildConfiguration;
			baseConfigurationReference = F2FE7B11B307922194F94F49 /* Pods-ImageCache.release.xcconfig */;
			buildSettings = {
				ASSETCATALOG_COMPILER_APPICON_NAME = AppIcon;
				"CODE_SIGN_IDENTITY[sdk=iphoneos*]" = "iPhone Developer";
				DEVELOPMENT_TEAM = C8X66624WA;
				INFOPLIST_FILE = ImageCache/Info.plist;
				IPHONEOS_DEPLOYMENT_TARGET = 8.0;
				LD_RUNPATH_SEARCH_PATHS = "$(inherited) @executable_path/Frameworks";
				PRODUCT_BUNDLE_IDENTIFIER = com.ImageCache;
				PRODUCT_NAME = "$(TARGET_NAME)";
				PROVISIONING_PROFILE_SPECIFIER = "";
			};
			name = Release;
		};
/* End XCBuildConfiguration section */

/* Begin XCConfigurationList section */
		A5979CD11F71F02200750D37 /* Build configuration list for PBXProject "ImageCache" */ = {
			isa = XCConfigurationList;
			buildConfigurations = (
				A5979CEB1F71F02200750D37 /* Debug */,
				A5979CEC1F71F02200750D37 /* Release */,
			);
			defaultConfigurationIsVisible = 0;
			defaultConfigurationName = Release;
		};
		A5979CED1F71F02200750D37 /* Build configuration list for PBXNativeTarget "ImageCache" */ = {
			isa = XCConfigurationList;
			buildConfigurations = (
				A5979CEE1F71F02200750D37 /* Debug */,
				A5979CEF1F71F02200750D37 /* Release */,
			);
			defaultConfigurationIsVisible = 0;
			defaultConfigurationName = Release;
		};
/* End XCConfigurationList section */
	};
	rootObject = A5979CCE1F71F02200750D37 /* Project object */;
}
